
Microsoft Visual Studio Solution File, Format Version 12.00
# Visual Studio Version 16
VisualStudioVersion = 16.0.31613.86
MinimumVisualStudioVersion = 10.0.40219.1
Project("{FAE04EC0-301F-11D3-BF4B-00C04F79EFBC}") = "Forms - AA, BJ", "Forms - AA, BJ\Forms - AA, BJ.csproj", "{140ED89B-DC16-486D-B2EB-BCD92DE5DB60}"
EndProject
Project("{FAE04EC0-301F-11D3-BF4B-00C04F79EFBC}") = "Console - AA, BJ", "Console - AA, BJ\Console - AA, BJ.csproj", "{9ACD113A-BE08-44DA-9E7D-6F2ACFEF34FA}"
EndProject
Global
	GlobalSection(SolutionConfigurationPlatforms) = preSolution
		Debug|Any CPU = Debug|Any CPU
		Release|Any CPU = Release|Any CPU
	EndGlobalSection
	GlobalSection(ProjectConfigurationPlatforms) = postSolution
		{140ED89B-DC16-486D-B2EB-BCD92DE5DB60}.Debug|Any CPU.ActiveCfg = Debug|Any CPU
		{140ED89B-DC16-486D-B2EB-BCD92DE5DB60}.Debug|Any CPU.Build.0 = Debug|Any CPU
		{140ED89B-DC16-486D-B2EB-BCD92DE5DB60}.Release|Any CPU.ActiveCfg = Release|Any CPU
		{140ED89B-DC16-486D-B2EB-BCD92DE5DB60}.Release|Any CPU.Build.0 = Release|Any CPU
		{9ACD113A-BE08-44DA-9E7D-6F2ACFEF34FA}.Debug|Any CPU.ActiveCfg = Debug|Any CPU
		{9ACD113A-BE08-44DA-9E7D-6F2ACFEF34FA}.Debug|Any CPU.Build.0 = Debug|Any CPU
		{9ACD113A-BE08-44DA-9E7D-6F2ACFEF34FA}.Release|Any CPU.ActiveCfg = Release|Any CPU
		{9ACD113A-BE08-44DA-9E7D-6F2ACFEF34FA}.Release|Any CPU.Build.0 = Release|Any CPU
	EndGlobalSection
	GlobalSection(SolutionProperties) = preSolution
		HideSolutionNode = FALSE
	EndGlobalSection
	GlobalSection(ExtensibilityGlobals) = postSolution
		SolutionGuid = {619A6A60-DE41-4EA1-B76E-55B66458CFCB}
	EndGlobalSection
EndGlobal
